
Microsoft Visual Studio Solution File, Format Version 12.00
# Visual Studio Version 16
VisualStudioVersion = 16.0.29424.173
MinimumVisualStudioVersion = 10.0.40219.1
Project("{9A19103F-16F7-4668-BE54-9A1E7A4F7556}") = "MobileSuit", "MobileSuit\MobileSuit.csproj", "{C0F0C424-A276-45CB-BAFA-558F9B26AB2B}"
EndProject
Project("{FAE04EC0-301F-11D3-BF4B-00C04F79EFBC}") = "SystemCall", "SystemCall\SystemCall.csproj", "{54357130-96EC-477E-B7A4-68A76CDA0B7B}"
EndProject
Global
	GlobalSection(SolutionConfigurationPlatforms) = preSolution
		Debug|Any CPU = Debug|Any CPU
		Release|Any CPU = Release|Any CPU
	EndGlobalSection
	GlobalSection(ProjectConfigurationPlatforms) = postSolution
		{C0F0C424-A276-45CB-BAFA-558F9B26AB2B}.Debug|Any CPU.ActiveCfg = Debug|Any CPU
		{C0F0C424-A276-45CB-BAFA-558F9B26AB2B}.Debug|Any CPU.Build.0 = Debug|Any CPU
		{C0F0C424-A276-45CB-BAFA-558F9B26AB2B}.Release|Any CPU.ActiveCfg = Release|Any CPU
		{C0F0C424-A276-45CB-BAFA-558F9B26AB2B}.Release|Any CPU.Build.0 = Release|Any CPU
		{54357130-96EC-477E-B7A4-68A76CDA0B7B}.Debug|Any CPU.ActiveCfg = Debug|Any CPU
		{54357130-96EC-477E-B7A4-68A76CDA0B7B}.Debug|Any CPU.Build.0 = Debug|Any CPU
		{54357130-96EC-477E-B7A4-68A76CDA0B7B}.Release|Any CPU.ActiveCfg = Release|Any CPU
		{54357130-96EC-477E-B7A4-68A76CDA0B7B}.Release|Any CPU.Build.0 = Release|Any CPU
	EndGlobalSection
	GlobalSection(SolutionProperties) = preSolution
		HideSolutionNode = FALSE
	EndGlobalSection
	GlobalSection(ExtensibilityGlobals) = postSolution
		SolutionGuid = {9D450338-0A8A-4E57-9B2B-61B2FDD42C00}
	EndGlobalSection
EndGlobal
